
Microsoft Visual Studio Solution File, Format Version 12.00
# Visual Studio Version 17
VisualStudioVersion = 17.9.34701.34
MinimumVisualStudioVersion = 10.0.40219.1
Project("{FAE04EC0-301F-11D3-BF4B-00C04F79EFBC}") = "Cash_Machine", "Cash_Machine.csproj", "{AB8517BF-D38C-47DD-A434-8B0A89771B6F}"
EndProject
Global
	GlobalSection(SolutionConfigurationPlatforms) = preSolution
		Debug|Any CPU = Debug|Any CPU
		Release|Any CPU = Release|Any CPU
	EndGlobalSection
	GlobalSection(ProjectConfigurationPlatforms) = postSolution
		{AB8517BF-D38C-47DD-A434-8B0A89771B6F}.Debug|Any CPU.ActiveCfg = Debug|Any CPU
		{AB8517BF-D38C-47DD-A434-8B0A89771B6F}.Debug|Any CPU.Build.0 = Debug|Any CPU
		{AB8517BF-D38C-47DD-A434-8B0A89771B6F}.Release|Any CPU.ActiveCfg = Release|Any CPU
		{AB8517BF-D38C-47DD-A434-8B0A89771B6F}.Release|Any CPU.Build.0 = Release|Any CPU
	EndGlobalSection
	GlobalSection(SolutionProperties) = preSolution
		HideSolutionNode = FALSE
	EndGlobalSection
	GlobalSection(ExtensibilityGlobals) = postSolution
		SolutionGuid = {90EF00EB-2CC7-4361-91ED-5BFE8F0B3246}
	EndGlobalSection
EndGlobal
